
Microsoft Visual Studio Solution File, Format Version 12.00
# Visual Studio 14
VisualStudioVersion = 14.0.25420.1
MinimumVisualStudioVersion = 10.0.40219.1
Project("{FAE04EC0-301F-11D3-BF4B-00C04F79EFBC}") = "DataStructure", "DataStructure\DataStructure.csproj", "{6FF0DA86-E4F4-4C9D-B9D0-90419B23C96B}"
EndProject
Project("{2150E333-8FDC-42A3-9474-1A3956D46DE8}") = "src", "src", "{02F4A2D9-1FE6-4125-BAD7-FD6BDD8B4862}"
EndProject
Project("{2150E333-8FDC-42A3-9474-1A3956D46DE8}") = "test", "test", "{F2105BFD-E49B-47BD-9479-3BBEE4583182}"
EndProject
Project("{FAE04EC0-301F-11D3-BF4B-00C04F79EFBC}") = "DataStructure.LinearList.Test", "DataStructure.LinearList.Test\DataStructure.LinearList.Test.csproj", "{40739D8F-5AE4-4717-BAC3-9E96420CC64D}"
EndProject
Global
	GlobalSection(SolutionConfigurationPlatforms) = preSolution
		Debug|Any CPU = Debug|Any CPU
		Release|Any CPU = Release|Any CPU
	EndGlobalSection
	GlobalSection(ProjectConfigurationPlatforms) = postSolution
		{6FF0DA86-E4F4-4C9D-B9D0-90419B23C96B}.Debug|Any CPU.ActiveCfg = Debug|Any CPU
		{6FF0DA86-E4F4-4C9D-B9D0-90419B23C96B}.Debug|Any CPU.Build.0 = Debug|Any CPU
		{6FF0DA86-E4F4-4C9D-B9D0-90419B23C96B}.Release|Any CPU.ActiveCfg = Release|Any CPU
		{6FF0DA86-E4F4-4C9D-B9D0-90419B23C96B}.Release|Any CPU.Build.0 = Release|Any CPU
		{40739D8F-5AE4-4717-BAC3-9E96420CC64D}.Debug|Any CPU.ActiveCfg = Debug|Any CPU
		{40739D8F-5AE4-4717-BAC3-9E96420CC64D}.Debug|Any CPU.Build.0 = Debug|Any CPU
		{40739D8F-5AE4-4717-BAC3-9E96420CC64D}.Release|Any CPU.ActiveCfg = Release|Any CPU
		{40739D8F-5AE4-4717-BAC3-9E96420CC64D}.Release|Any CPU.Build.0 = Release|Any CPU
	EndGlobalSection
	GlobalSection(SolutionProperties) = preSolution
		HideSolutionNode = FALSE
	EndGlobalSection
	GlobalSection(NestedProjects) = preSolution
		{6FF0DA86-E4F4-4C9D-B9D0-90419B23C96B} = {02F4A2D9-1FE6-4125-BAD7-FD6BDD8B4862}
		{40739D8F-5AE4-4717-BAC3-9E96420CC64D} = {F2105BFD-E49B-47BD-9479-3BBEE4583182}
	EndGlobalSection
EndGlobal
